{
  "version": 4,
  "terraform_version": "1.2.2",
  "serial": 4,
  "lineage": "42e26b12-3356-2c32-5429-3a854db00697",
  "outputs": {},
  "resources": [
    {
      "mode": "managed",
      "type": "di_tag",
      "name": "mytag0",
      "provider": "provider[\"sberbank/devops/di\"]",
      "instances": [
        {
          "schema_version": 0,
          "attributes": {
            "id": "6b0db012-0145-4c63-9e7d-fa530161c7f7",
            "name": "jenkins",
            "timeouts": null
          },
          "sensitive_attributes": [],
          "private": "eyJlMmJmYjczMC1lY2FhLTExZTYtOGY4OC0zNDM2M2JjN2M0YzAiOnsiY3JlYXRlIjozMDAwMDAwMDAwMDB9fQ=="
        }
      ]
    },
    {
      "mode": "managed",
      "type": "di_tag",
      "name": "mytag1",
      "provider": "provider[\"sberbank/devops/di\"]",
      "instances": [
        {
          "schema_version": 0,
          "attributes": {
            "id": "95ab79c6-78a9-434e-ba63-1fd3df3bfbba",
            "name": "wildfly",
            "timeouts": null
          },
          "sensitive_attributes": [],
          "private": "eyJlMmJmYjczMC1lY2FhLTExZTYtOGY4OC0zNDM2M2JjN2M0YzAiOnsiY3JlYXRlIjozMDAwMDAwMDAwMDB9fQ=="
        }
      ]
    },
    {
      "mode": "managed",
      "type": "di_vm",
      "name": "vm1",
      "provider": "provider[\"sberbank/devops/di\"]",
      "instances": [
        {
          "index_key": 0,
          "schema_version": 0,
          "attributes": {
            "app_params": null,
            "cluster_uuid": null,
            "cpu": 1,
            "disk": 50,
            "dns": "",
            "dns_name": "",
            "fault_tolerance": "stand-alone",
            "flavor": "m1.tiny",
            "group": null,
            "group_id": "d92966b6-0345-43a1-8f68-bd5ae85640f2",
            "id": "868069d2-6b48-4332-b0f4-21be24003452",
            "ip": "172.20.12.94",
            "ir_group": "vm",
            "ir_type": "os_rhel",
            "name": "pkles-gt2000702",
            "os_name": "rhel",
            "os_version": "7.9",
            "project_id": "37f80fa9-bd9f-479e-ba49-f2d66376545b",
            "public_ssh_name": null,
            "ram": 1,
            "region": "pd20-okvm3",
            "service_name": "vm1",
            "state": "running",
            "state_resize": "stable",
            "step": "",
            "tag_ids": [
              "6b0db012-0145-4c63-9e7d-fa530161c7f7",
              "95ab79c6-78a9-434e-ba63-1fd3df3bfbba"
            ],
            "timeouts": null,
            "user": "gt_prom",
            "virtualization": "openstack",
            "volume": [
              {
                "path": "/test1",
                "size": 50
              }
            ],
            "zone": "okvm1"
          },
          "sensitive_attributes": [],
          "private": "eyJlMmJmYjczMC1lY2FhLTExZTYtOGY4OC0zNDM2M2JjN2M0YzAiOnsiY3JlYXRlIjozMDAwMDAwMDAwMDB9fQ==",
          "dependencies": [
            "di_tag.mytag0",
            "di_tag.mytag1"
          ]
        }
      ]
    }
  ]
}
